// !$*UTF8*$!
{
	archiveVersion = 1;
	classes = {
	};
	objectVersion = 45;
	objects = {

/* Begin PBXBuildFile section */
		1D3623260D0F684500981E51 /* CalendarAppDelegate.m in Sources */ = {isa = PBXBuildFile; fileRef = 1D3623250D0F684500981E51 /* CalendarAppDelegate.m */; };
		1D60589B0D05DD56006BFB54 /* main.m in Sources */ = {isa = PBXBuildFile; fileRef = 29B97316FDCFA39411CA2CEA /* main.m */; };
		1D60589F0D05DD5A006BFB54 /* Foundation.framework in Frameworks */ = {isa = PBXBuildFile; fileRef = 1D30AB110D05D00D00671497 /* Foundation.framework */; };
		1DF5F4E00D08C38300B7A737 /* UIKit.framework in Frameworks */ = {isa = PBXBuildFile; fileRef = 1DF5F4DF0D08C38300B7A737 /* UIKit.framework */; };
		288765FD0DF74451002DB57D /* CoreGraphics.framework in Frameworks */ = {isa = PBXBuildFile; fileRef = 288765FC0DF74451002DB57D /* CoreGraphics.framework */; };
		3BACD146110CB35400528B6D /* Calendar.png in Resources */ = {isa = PBXBuildFile; fileRef = 3BACD12C110CB35400528B6D /* Calendar.png */; };
		3BACD147110CB35400528B6D /* CalendarBubbleBlue.png in Resources */ = {isa = PBXBuildFile; fileRef = 3BACD12D110CB35400528B6D /* CalendarBubbleBlue.png */; };
		3BACD148110CB35400528B6D /* CalendarBubbleGreen.png in Resources */ = {isa = PBXBuildFile; fileRef = 3BACD12E110CB35400528B6D /* CalendarBubbleGreen.png */; };
		3BACD149110CB35400528B6D /* CalendarBubbleGrey.png in Resources */ = {isa = PBXBuildFile; fileRef = 3BACD12F110CB35400528B6D /* CalendarBubbleGrey.png */; };
		3BACD14A110CB35400528B6D /* CalendarBubbleMagenta.png in Resources */ = {isa = PBXBuildFile; fileRef = 3BACD130110CB35400528B6D /* CalendarBubbleMagenta.png */; };
		3BACD14B110CB35400528B6D /* CalendarBubbleOrange.png in Resources */ = {isa = PBXBuildFile; fileRef = 3BACD131110CB35400528B6D /* CalendarBubbleOrange.png */; };
		3BACD14C110CB35400528B6D /* CalendarBubblePurple.png in Resources */ = {isa = PBXBuildFile; fileRef = 3BACD132110CB35400528B6D /* CalendarBubblePurple.png */; };
		3BACD14D110CB35400528B6D /* CalendarBubbleRed.png in Resources */ = {isa = PBXBuildFile; fileRef = 3BACD133110CB35400528B6D /* CalendarBubbleRed.png */; };
		3BACD14E110CB35400528B6D /* CalendarBubbleYellow.png in Resources */ = {isa = PBXBuildFile; fileRef = 3BACD134110CB35400528B6D /* CalendarBubbleYellow.png */; };
		3BACD14F110CB35400528B6D /* GCCalendar.strings in Resources */ = {isa = PBXBuildFile; fileRef = 3BACD135110CB35400528B6D /* GCCalendar.strings */; };
		3BACD150110CB35400528B6D /* GCCalendar.m in Sources */ = {isa = PBXBuildFile; fileRef = 3BACD138110CB35400528B6D /* GCCalendar.m */; };
		3BACD151110CB35400528B6D /* GCCalendarDayView.m in Sources */ = {isa = PBXBuildFile; fileRef = 3BACD13A110CB35400528B6D /* GCCalendarDayView.m */; };
		3BACD152110CB35400528B6D /* GCCalendarEvent.m in Sources */ = {isa = PBXBuildFile; fileRef = 3BACD13C110CB35400528B6D /* GCCalendarEvent.m */; };
		3BACD153110CB35400528B6D /* GCCalendarPortraitView.m in Sources */ = {isa = PBXBuildFile; fileRef = 3BACD13E110CB35400528B6D /* GCCalendarPortraitView.m */; };
		3BACD154110CB35400528B6D /* GCCalendarTile.m in Sources */ = {isa = PBXBuildFile; fileRef = 3BACD140110CB35400528B6D /* GCCalendarTile.m */; };
		3BACD155110CB35400528B6D /* GCDatePickerControl.m in Sources */ = {isa = PBXBuildFile; fileRef = 3BACD142110CB35400528B6D /* GCDatePickerControl.m */; };
		3BACD156110CB35400528B6D /* GCDatePickerControlBackground.png in Resources */ = {isa = PBXBuildFile; fileRef = 3BACD143110CB35400528B6D /* GCDatePickerControlBackground.png */; };
		3BACD157110CB35400528B6D /* GCDatePickerControlLeft.png in Resources */ = {isa = PBXBuildFile; fileRef = 3BACD144110CB35400528B6D /* GCDatePickerControlLeft.png */; };
		3BACD158110CB35400528B6D /* GCDatePickerControlRight.png in Resources */ = {isa = PBXBuildFile; fileRef = 3BACD145110CB35400528B6D /* GCDatePickerControlRight.png */; };
/* End PBXBuildFile section */

/* Begin PBXFileReference section */
		1D30AB110D05D00D00671497 /* Foundation.framework */ = {isa = PBXFileReference; lastKnownFileType = wrapper.framework; name = Foundation.framework; path = System/Library/Frameworks/Foundation.framework; sourceTree = SDKROOT; };
		1D3623240D0F684500981E51 /* CalendarAppDelegate.h */ = {isa = PBXFileReference; fileEncoding = 4; lastKnownFileType = sourcecode.c.h; path = CalendarAppDelegate.h; sourceTree = "<group>"; };
		1D3623250D0F684500981E51 /* CalendarAppDelegate.m */ = {isa = PBXFileReference; fileEncoding = 4; lastKnownFileType = sourcecode.c.objc; path = CalendarAppDelegate.m; sourceTree = "<group>"; };
		1D6058910D05DD3D006BFB54 /* Calendar.app */ = {isa = PBXFileReference; explicitFileType = wrapper.application; includeInIndex = 0; path = Calendar.app; sourceTree = BUILT_PRODUCTS_DIR; };
		1DF5F4DF0D08C38300B7A737 /* UIKit.framework */ = {isa = PBXFileReference; lastKnownFileType = wrapper.framework; name = UIKit.framework; path = System/Library/Frameworks/UIKit.framework; sourceTree = SDKROOT; };
		288765FC0DF74451002DB57D /* CoreGraphics.framework */ = {isa = PBXFileReference; lastKnownFileType = wrapper.framework; name = CoreGraphics.framework; path = System/Library/Frameworks/CoreGraphics.framework; sourceTree = SDKROOT; };
		29B97316FDCFA39411CA2CEA /* main.m */ = {isa = PBXFileReference; fileEncoding = 4; lastKnownFileType = sourcecode.c.objc; path = main.m; sourceTree = "<group>"; };
		32CA4F630368D1EE00C91783 /* Calendar_Prefix.pch */ = {isa = PBXFileReference; fileEncoding = 4; lastKnownFileType = sourcecode.c.h; path = Calendar_Prefix.pch; sourceTree = "<group>"; };
		3BACD12C110CB35400528B6D /* Calendar.png */ = {isa = PBXFileReference; lastKnownFileType = image.png; path = Calendar.png; sourceTree = "<group>"; };
		3BACD12D110CB35400528B6D /* CalendarBubbleBlue.png */ = {isa = PBXFileReference; lastKnownFileType = image.png; path = CalendarBubbleBlue.png; sourceTree = "<group>"; };
		3BACD12E110CB35400528B6D /* CalendarBubbleGreen.png */ = {isa = PBXFileReference; lastKnownFileType = image.png; path = CalendarBubbleGreen.png; sourceTree = "<group>"; };
		3BACD12F110CB35400528B6D /* CalendarBubbleGrey.png */ = {isa = PBXFileReference; lastKnownFileType = image.png; path = CalendarBubbleGrey.png; sourceTree = "<group>"; };
		3BACD130110CB35400528B6D /* CalendarBubbleMagenta.png */ = {isa = PBXFileReference; lastKnownFileType = image.png; path = CalendarBubbleMagenta.png; sourceTree = "<group>"; };
		3BACD131110CB35400528B6D /* CalendarBubbleOrange.png */ = {isa = PBXFileReference; lastKnownFileType = image.png; path = CalendarBubbleOrange.png; sourceTree = "<group>"; };
		3BACD132110CB35400528B6D /* CalendarBubblePurple.png */ = {isa = PBXFileReference; lastKnownFileType = image.png; path = CalendarBubblePurple.png; sourceTree = "<group>"; };
		3BACD133110CB35400528B6D /* CalendarBubbleRed.png */ = {isa = PBXFileReference; lastKnownFileType = image.png; path = CalendarBubbleRed.png; sourceTree = "<group>"; };
		3BACD134110CB35400528B6D /* CalendarBubbleYellow.png */ = {isa = PBXFileReference; lastKnownFileType = image.png; path = CalendarBubbleYellow.png; sourceTree = "<group>"; };
		3BACD136110CB35400528B6D /* English */ = {isa = PBXFileReference; fileEncoding = 4; lastKnownFileType = text.plist.strings; name = English; path = English.lproj/GCCalendar.strings; sourceTree = "<group>"; };
		3BACD137110CB35400528B6D /* GCCalendar.h */ = {isa = PBXFileReference; fileEncoding = 4; lastKnownFileType = sourcecode.c.h; path = GCCalendar.h; sourceTree = "<group>"; };
		3BACD138110CB35400528B6D /* GCCalendar.m */ = {isa = PBXFileReference; fileEncoding = 4; lastKnownFileType = sourcecode.c.objc; path = GCCalendar.m; sourceTree = "<group>"; };
		3BACD139110CB35400528B6D /* GCCalendarDayView.h */ = {isa = PBXFileReference; fileEncoding = 4; lastKnownFileType = sourcecode.c.h; path = GCCalendarDayView.h; sourceTree = "<group>"; };
		3BACD13A110CB35400528B6D /* GCCalendarDayView.m */ = {isa = PBXFileReference; fileEncoding = 4; lastKnownFileType = sourcecode.c.objc; path = GCCalendarDayView.m; sourceTree = "<group>"; };
		3BACD13B110CB35400528B6D /* GCCalendarEvent.h */ = {isa = PBXFileReference; fileEncoding = 4; lastKnownFileType = sourcecode.c.h; path = GCCalendarEvent.h; sourceTree = "<group>"; };
		3BACD13C110CB35400528B6D /* GCCalendarEvent.m */ = {isa = PBXFileReference; fileEncoding = 4; lastKnownFileType = sourcecode.c.objc; path = GCCalendarEvent.m; sourceTree = "<group>"; };
		3BACD13D110CB35400528B6D /* GCCalendarPortraitView.h */ = {isa = PBXFileReference; fileEncoding = 4; lastKnownFileType = sourcecode.c.h; path = GCCalendarPortraitView.h; sourceTree = "<group>"; };
		3BACD13E110CB35400528B6D /* GCCalendarPortraitView.m */ = {isa = PBXFileReference; fileEncoding = 4; lastKnownFileType = sourcecode.c.objc; path = GCCalendarPortraitView.m; sourceTree = "<group>"; };
		3BACD13F110CB35400528B6D /* GCCalendarTile.h */ = {isa = PBXFileReference; fileEncoding = 4; lastKnownFileType = sourcecode.c.h; path = GCCalendarTile.h; sourceTree = "<group>"; };
		3BACD140110CB35400528B6D /* GCCalendarTile.m */ = {isa = PBXFileReference; fileEncoding = 4; lastKnownFileType = sourcecode.c.objc; path = GCCalendarTile.m; sourceTree = "<group>"; };
		3BACD141110CB35400528B6D /* GCDatePickerControl.h */ = {isa = PBXFileReference; fileEncoding = 4; lastKnownFileType = sourcecode.c.h; path = GCDatePickerControl.h; sourceTree = "<group>"; };
		3BACD142110CB35400528B6D /* GCDatePickerControl.m */ = {isa = PBXFileReference; fileEncoding = 4; lastKnownFileType = sourcecode.c.objc; path = GCDatePickerControl.m; sourceTree = "<group>"; };
		3BACD143110CB35400528B6D /* GCDatePickerControlBackground.png */ = {isa = PBXFileReference; lastKnownFileType = image.png; path = GCDatePickerControlBackground.png; sourceTree = "<group>"; };
		3BACD144110CB35400528B6D /* GCDatePickerControlLeft.png */ = {isa = PBXFileReference; lastKnownFileType = image.png; path = GCDatePickerControlLeft.png; sourceTree = "<group>"; };
		3BACD145110CB35400528B6D /* GCDatePickerControlRight.png */ = {isa = PBXFileReference; lastKnownFileType = image.png; path = GCDatePickerControlRight.png; sourceTree = "<group>"; };
		8D1107310486CEB800E47090 /* Calendar-Info.plist */ = {isa = PBXFileReference; fileEncoding = 4; lastKnownFileType = text.plist.xml; path = "Calendar-Info.plist"; plistStructureDefinitionIdentifier = "com.apple.xcode.plist.structure-definition.iphone.info-plist"; sourceTree = "<group>"; };
/* End PBXFileReference section */

/* Begin PBXFrameworksBuildPhase section */
		1D60588F0D05DD3D006BFB54 /* Frameworks */ = {
			isa = PBXFrameworksBuildPhase;
			buildActionMask = 2147483647;
			files = (
				1D60589F0D05DD5A006BFB54 /* Foundation.framework in Frameworks */,
				1DF5F4E00D08C38300B7A737 /* UIKit.framework in Frameworks */,
				288765FD0DF74451002DB57D /* CoreGraphics.framework in Frameworks */,
			);
			runOnlyForDeploymentPostprocessing = 0;
		};
/* End PBXFrameworksBuildPhase section */

/* Begin PBXGroup section */
		080E96DDFE201D6D7F000001 /* Classes */ = {
			isa = PBXGroup;
			children = (
				1D3623240D0F684500981E51 /* CalendarAppDelegate.h */,
				1D3623250D0F684500981E51 /* CalendarAppDelegate.m */,
			);
			path = Classes;
			sourceTree = "<group>";
		};
		19C28FACFE9D520D11CA2CBB /* Products */ = {
			isa = PBXGroup;
			children = (
				1D6058910D05DD3D006BFB54 /* Calendar.app */,
			);
			name = Products;
			sourceTree = "<group>";
		};
		29B97314FDCFA39411CA2CEA /* CustomTemplate */ = {
			isa = PBXGroup;
			children = (
				3BACD12B110CB35400528B6D /* GCCalendar */,
				080E96DDFE201D6D7F000001 /* Classes */,
				29B97315FDCFA39411CA2CEA /* Other Sources */,
				29B97317FDCFA39411CA2CEA /* Resources */,
				29B97323FDCFA39411CA2CEA /* Frameworks */,
				19C28FACFE9D520D11CA2CBB /* Products */,
			);
			name = CustomTemplate;
			sourceTree = "<group>";
		};
		29B97315FDCFA39411CA2CEA /* Other Sources */ = {
			isa = PBXGroup;
			children = (
				32CA4F630368D1EE00C91783 /* Calendar_Prefix.pch */,
				29B97316FDCFA39411CA2CEA /* main.m */,
			);
			name = "Other Sources";
			sourceTree = "<group>";
		};
		29B97317FDCFA39411CA2CEA /* Resources */ = {
			isa = PBXGroup;
			children = (
				8D1107310486CEB800E47090 /* Calendar-Info.plist */,
			);
			name = Resources;
			sourceTree = "<group>";
		};
		29B97323FDCFA39411CA2CEA /* Frameworks */ = {
			isa = PBXGroup;
			children = (
				1DF5F4DF0D08C38300B7A737 /* UIKit.framework */,
				1D30AB110D05D00D00671497 /* Foundation.framework */,
				288765FC0DF74451002DB57D /* CoreGraphics.framework */,
			);
			name = Frameworks;
			sourceTree = "<group>";
		};
		3BACD12B110CB35400528B6D /* GCCalendar */ = {
			isa = PBXGroup;
			children = (
				3BACD12C110CB35400528B6D /* Calendar.png */,
				3BACD12D110CB35400528B6D /* CalendarBubbleBlue.png */,
				3BACD12E110CB35400528B6D /* CalendarBubbleGreen.png */,
				3BACD12F110CB35400528B6D /* CalendarBubbleGrey.png */,
				3BACD130110CB35400528B6D /* CalendarBubbleMagenta.png */,
				3BACD131110CB35400528B6D /* CalendarBubbleOrange.png */,
				3BACD132110CB35400528B6D /* CalendarBubblePurple.png */,
				3BACD133110CB35400528B6D /* CalendarBubbleRed.png */,
				3BACD134110CB35400528B6D /* CalendarBubbleYellow.png */,
				3BACD135110CB35400528B6D /* GCCalendar.strings */,
				3BACD137110CB35400528B6D /* GCCalendar.h */,
				3BACD138110CB35400528B6D /* GCCalendar.m */,
				3BACD139110CB35400528B6D /* GCCalendarDayView.h */,
				3BACD13A110CB35400528B6D /* GCCalendarDayView.m */,
				3BACD13B110CB35400528B6D /* GCCalendarEvent.h */,
				3BACD13C110CB35400528B6D /* GCCalendarEvent.m */,
				3BACD13D110CB35400528B6D /* GCCalendarPortraitView.h */,
				3BACD13E110CB35400528B6D /* GCCalendarPortraitView.m */,
				3BACD13F110CB35400528B6D /* GCCalendarTile.h */,
				3BACD140110CB35400528B6D /* GCCalendarTile.m */,
				3BACD141110CB35400528B6D /* GCDatePickerControl.h */,
				3BACD142110CB35400528B6D /* GCDatePickerControl.m */,
				3BACD143110CB35400528B6D /* GCDatePickerControlBackground.png */,
				3BACD144110CB35400528B6D /* GCDatePickerControlLeft.png */,
				3BACD145110CB35400528B6D /* GCDatePickerControlRight.png */,
			);
			path = GCCalendar;
			sourceTree = "<group>";
		};
/* End PBXGroup section */

/* Begin PBXNativeTarget section */
		1D6058900D05DD3D006BFB54 /* Calendar */ = {
			isa = PBXNativeTarget;
			buildConfigurationList = 1D6058960D05DD3E006BFB54 /* Build configuration list for PBXNativeTarget "Calendar" */;
			buildPhases = (
				1D60588D0D05DD3D006BFB54 /* Resources */,
				1D60588E0D05DD3D006BFB54 /* Sources */,
				1D60588F0D05DD3D006BFB54 /* Frameworks */,
			);
			buildRules = (
			);
			dependencies = (
			);
			name = Calendar;
			productName = Calendar;
			productReference = 1D6058910D05DD3D006BFB54 /* Calendar.app */;
			productType = "com.apple.product-type.application";
		};
/* End PBXNativeTarget section */

/* Begin PBXProject section */
		29B97313FDCFA39411CA2CEA /* Project object */ = {
			isa = PBXProject;
			buildConfigurationList = C01FCF4E08A954540054247B /* Build configuration list for PBXProject "Calendar" */;
			compatibilityVersion = "Xcode 3.1";
			hasScannedForEncodings = 1;
			mainGroup = 29B97314FDCFA39411CA2CEA /* CustomTemplate */;
			projectDirPath = "";
			projectRoot = "";
			targets = (
				1D6058900D05DD3D006BFB54 /* Calendar */,
			);
		};
/* End PBXProject section */

/* Begin PBXResourcesBuildPhase section */
		1D60588D0D05DD3D006BFB54 /* Resources */ = {
			isa = PBXResourcesBuildPhase;
			buildActionMask = 2147483647;
			files = (
				3BACD146110CB35400528B6D /* Calendar.png in Resources */,
				3BACD147110CB35400528B6D /* CalendarBubbleBlue.png in Resources */,
				3BACD148110CB35400528B6D /* CalendarBubbleGreen.png in Resources */,
				3BACD149110CB35400528B6D /* CalendarBubbleGrey.png in Resources */,
				3BACD14A110CB35400528B6D /* CalendarBubbleMagenta.png in Resources */,
				3BACD14B110CB35400528B6D /* CalendarBubbleOrange.png in Resources */,
				3BACD14C110CB35400528B6D /* CalendarBubblePurple.png in Resources */,
				3BACD14D110CB35400528B6D /* CalendarBubbleRed.png in Resources */,
				3BACD14E110CB35400528B6D /* CalendarBubbleYellow.png in Resources */,
				3BACD14F110CB35400528B6D /* GCCalendar.strings in Resources */,
				3BACD156110CB35400528B6D /* GCDatePickerControlBackground.png in Resources */,
				3BACD157110CB35400528B6D /* GCDatePickerControlLeft.png in Resources */,
				3BACD158110CB35400528B6D /* GCDatePickerControlRight.png in Resources */,
			);
			runOnlyForDeploymentPostprocessing = 0;
		};
/* End PBXResourcesBuildPhase section */

/* Begin PBXSourcesBuildPhase section */
		1D60588E0D05DD3D006BFB54 /* Sources */ = {
			isa = PBXSourcesBuildPhase;
			buildActionMask = 2147483647;
			files = (
				1D60589B0D05DD56006BFB54 /* main.m in Sources */,
				1D3623260D0F684500981E51 /* CalendarAppDelegate.m in Sources */,
				3BACD150110CB35400528B6D /* GCCalendar.m in Sources */,
				3BACD151110CB35400528B6D /* GCCalendarDayView.m in Sources */,
				3BACD152110CB35400528B6D /* GCCalendarEvent.m in Sources */,
				3BACD153110CB35400528B6D /* GCCalendarPortraitView.m in Sources */,
				3BACD154110CB35400528B6D /* GCCalendarTile.m in Sources */,
				3BACD155110CB35400528B6D /* GCDatePickerControl.m in Sources */,
			);
			runOnlyForDeploymentPostprocessing = 0;
		};
/* End PBXSourcesBuildPhase section */

/* Begin PBXVariantGroup section */
		3BACD135110CB35400528B6D /* GCCalendar.strings */ = {
			isa = PBXVariantGroup;
			children = (
				3BACD136110CB35400528B6D /* English */,
			);
			name = GCCalendar.strings;
			sourceTree = "<group>";
		};
/* End PBXVariantGroup section */

/* Begin XCBuildConfiguration section */
		1D6058940D05DD3E006BFB54 /* Debug */ = {
			isa = XCBuildConfiguration;
			buildSettings = {
				ALWAYS_SEARCH_USER_PATHS = NO;
				COPY_PHASE_STRIP = NO;
				GCC_DYNAMIC_NO_PIC = NO;
				GCC_OPTIMIZATION_LEVEL = 0;
				GCC_PRECOMPILE_PREFIX_HEADER = YES;
				GCC_PREFIX_HEADER = Calendar_Prefix.pch;
				INFOPLIST_FILE = "Calendar-Info.plist";
				PRODUCT_NAME = Calendar;
			};
			name = Debug;
		};
		1D6058950D05DD3E006BFB54 /* Release */ = {
			isa = XCBuildConfiguration;
			buildSettings = {
				ALWAYS_SEARCH_USER_PATHS = NO;
				COPY_PHASE_STRIP = YES;
				GCC_PRECOMPILE_PREFIX_HEADER = YES;
				GCC_PREFIX_HEADER = Calendar_Prefix.pch;
				INFOPLIST_FILE = "Calendar-Info.plist";
				PRODUCT_NAME = Calendar;
			};
			name = Release;
		};
		C01FCF4F08A954540054247B /* Debug */ = {
			isa = XCBuildConfiguration;
			buildSettings = {
				ARCHS = "$(ARCHS_STANDARD_32_BIT)";
				"CODE_SIGN_IDENTITY[sdk=iphoneos*]" = "iPhone Developer";
				GCC_C_LANGUAGE_STANDARD = c99;
				GCC_WARN_ABOUT_RETURN_TYPE = YES;
				GCC_WARN_UNUSED_VARIABLE = YES;
				PREBINDING = NO;
				SDKROOT = iphoneos3.1.2;
			};
			name = Debug;
		};
		C01FCF5008A954540054247B /* Release */ = {
			isa = XCBuildConfiguration;
			buildSettings = {
				ARCHS = "$(ARCHS_STANDARD_32_BIT)";
				"CODE_SIGN_IDENTITY[sdk=iphoneos*]" = "iPhone Developer";
				GCC_C_LANGUAGE_STANDARD = c99;
				GCC_WARN_ABOUT_RETURN_TYPE = YES;
				GCC_WARN_UNUSED_VARIABLE = YES;
				PREBINDING = NO;
				SDKROOT = iphoneos3.1.2;
			};
			name = Release;
		};
/* End XCBuildConfiguration section */

/* Begin XCConfigurationList section */
		1D6058960D05DD3E006BFB54 /* Build configuration list for PBXNativeTarget "Calendar" */ = {
			isa = XCConfigurationList;
			buildConfigurations = (
				1D6058940D05DD3E006BFB54 /* Debug */,
				1D6058950D05DD3E006BFB54 /* Release */,
			);
			defaultConfigurationIsVisible = 0;
			defaultConfigurationName = Release;
		};
		C01FCF4E08A954540054247B /* Build configuration list for PBXProject "Calendar" */ = {
			isa = XCConfigurationList;
			buildConfigurations = (
				C01FCF4F08A954540054247B /* Debug */,
				C01FCF5008A954540054247B /* Release */,
			);
			defaultConfigurationIsVisible = 0;
			defaultConfigurationName = Release;
		};
/* End XCConfigurationList section */
	};
	rootObject = 29B97313FDCFA39411CA2CEA /* Project object */;
}
