// !$*UTF8*$!
{
	archiveVersion = 1;
	classes = {
	};
	objectVersion = 45;
	objects = {

/* Begin PBXBuildFile section */
		1D3623260D0F684500981E51 /* CalendarAppDelegate.m in Sources */ = {isa = PBXBuildFile; fileRef = 1D3623250D0F684500981E51 /* CalendarAppDelegate.m */; };
		1D60589B0D05DD56006BFB54 /* main.m in Sources */ = {isa = PBXBuildFile; fileRef = 29B97316FDCFA39411CA2CEA /* main.m */; };
		1D60589F0D05DD5A006BFB54 /* Foundation.framework in Frameworks */ = {isa = PBXBuildFile; fileRef = 1D30AB110D05D00D00671497 /* Foundation.framework */; };
		1DF5F4E00D08C38300B7A737 /* UIKit.framework in Frameworks */ = {isa = PBXBuildFile; fileRef = 1DF5F4DF0D08C38300B7A737 /* UIKit.framework */; };
		288765FD0DF74451002DB57D /* CoreGraphics.framework in Frameworks */ = {isa = PBXBuildFile; fileRef = 288765FC0DF74451002DB57D /* CoreGraphics.framework */; };
		3B96AA731139BC99003FF405 /* Calendar.png in Resources */ = {isa = PBXBuildFile; fileRef = 3B96AA561139BC99003FF405 /* Calendar.png */; };
		3B96AA741139BC99003FF405 /* CalendarBubbleBlue.png in Resources */ = {isa = PBXBuildFile; fileRef = 3B96AA571139BC99003FF405 /* CalendarBubbleBlue.png */; };
		3B96AA751139BC99003FF405 /* CalendarBubbleGreen.png in Resources */ = {isa = PBXBuildFile; fileRef = 3B96AA581139BC99003FF405 /* CalendarBubbleGreen.png */; };
		3B96AA761139BC99003FF405 /* CalendarBubbleGrey.png in Resources */ = {isa = PBXBuildFile; fileRef = 3B96AA591139BC99003FF405 /* CalendarBubbleGrey.png */; };
		3B96AA771139BC99003FF405 /* CalendarBubbleMagenta.png in Resources */ = {isa = PBXBuildFile; fileRef = 3B96AA5A1139BC99003FF405 /* CalendarBubbleMagenta.png */; };
		3B96AA781139BC99003FF405 /* CalendarBubbleOrange.png in Resources */ = {isa = PBXBuildFile; fileRef = 3B96AA5B1139BC99003FF405 /* CalendarBubbleOrange.png */; };
		3B96AA791139BC99003FF405 /* CalendarBubblePurple.png in Resources */ = {isa = PBXBuildFile; fileRef = 3B96AA5C1139BC99003FF405 /* CalendarBubblePurple.png */; };
		3B96AA7A1139BC99003FF405 /* CalendarBubbleRed.png in Resources */ = {isa = PBXBuildFile; fileRef = 3B96AA5D1139BC99003FF405 /* CalendarBubbleRed.png */; };
		3B96AA7B1139BC99003FF405 /* CalendarBubbleYellow.png in Resources */ = {isa = PBXBuildFile; fileRef = 3B96AA5E1139BC99003FF405 /* CalendarBubbleYellow.png */; };
		3B96AA7C1139BC99003FF405 /* GCCalendar.strings in Resources */ = {isa = PBXBuildFile; fileRef = 3B96AA5F1139BC99003FF405 /* GCCalendar.strings */; };
		3B96AA7D1139BC99003FF405 /* GCCalendar.m in Sources */ = {isa = PBXBuildFile; fileRef = 3B96AA621139BC99003FF405 /* GCCalendar.m */; };
		3B96AA7E1139BC99003FF405 /* GCCalendarDayView.m in Sources */ = {isa = PBXBuildFile; fileRef = 3B96AA641139BC99003FF405 /* GCCalendarDayView.m */; };
		3B96AA7F1139BC99003FF405 /* GCCalendarEvent.m in Sources */ = {isa = PBXBuildFile; fileRef = 3B96AA661139BC99003FF405 /* GCCalendarEvent.m */; };
		3B96AA801139BC99003FF405 /* GCCalendarPortraitView.m in Sources */ = {isa = PBXBuildFile; fileRef = 3B96AA681139BC99003FF405 /* GCCalendarPortraitView.m */; };
		3B96AA811139BC99003FF405 /* GCCalendarTile.m in Sources */ = {isa = PBXBuildFile; fileRef = 3B96AA6B1139BC99003FF405 /* GCCalendarTile.m */; };
		3B96AA821139BC99003FF405 /* GCCalendarView.m in Sources */ = {isa = PBXBuildFile; fileRef = 3B96AA6D1139BC99003FF405 /* GCCalendarView.m */; };
		3B96AA831139BC99003FF405 /* GCDatePickerControl.m in Sources */ = {isa = PBXBuildFile; fileRef = 3B96AA6F1139BC99003FF405 /* GCDatePickerControl.m */; };
		3B96AA841139BC99003FF405 /* GCDatePickerControlBackground.png in Resources */ = {isa = PBXBuildFile; fileRef = 3B96AA701139BC99003FF405 /* GCDatePickerControlBackground.png */; };
		3B96AA851139BC99003FF405 /* GCDatePickerControlLeft.png in Resources */ = {isa = PBXBuildFile; fileRef = 3B96AA711139BC99003FF405 /* GCDatePickerControlLeft.png */; };
		3B96AA861139BC99003FF405 /* GCDatePickerControlRight.png in Resources */ = {isa = PBXBuildFile; fileRef = 3B96AA721139BC99003FF405 /* GCDatePickerControlRight.png */; };
/* End PBXBuildFile section */

/* Begin PBXFileReference section */
		1D30AB110D05D00D00671497 /* Foundation.framework */ = {isa = PBXFileReference; lastKnownFileType = wrapper.framework; name = Foundation.framework; path = System/Library/Frameworks/Foundation.framework; sourceTree = SDKROOT; };
		1D3623240D0F684500981E51 /* CalendarAppDelegate.h */ = {isa = PBXFileReference; fileEncoding = 4; lastKnownFileType = sourcecode.c.h; path = CalendarAppDelegate.h; sourceTree = "<group>"; };
		1D3623250D0F684500981E51 /* CalendarAppDelegate.m */ = {isa = PBXFileReference; fileEncoding = 4; lastKnownFileType = sourcecode.c.objc; path = CalendarAppDelegate.m; sourceTree = "<group>"; };
		1D6058910D05DD3D006BFB54 /* Calendar.app */ = {isa = PBXFileReference; explicitFileType = wrapper.application; includeInIndex = 0; path = Calendar.app; sourceTree = BUILT_PRODUCTS_DIR; };
		1DF5F4DF0D08C38300B7A737 /* UIKit.framework */ = {isa = PBXFileReference; lastKnownFileType = wrapper.framework; name = UIKit.framework; path = System/Library/Frameworks/UIKit.framework; sourceTree = SDKROOT; };
		288765FC0DF74451002DB57D /* CoreGraphics.framework */ = {isa = PBXFileReference; lastKnownFileType = wrapper.framework; name = CoreGraphics.framework; path = System/Library/Frameworks/CoreGraphics.framework; sourceTree = SDKROOT; };
		29B97316FDCFA39411CA2CEA /* main.m */ = {isa = PBXFileReference; fileEncoding = 4; lastKnownFileType = sourcecode.c.objc; path = main.m; sourceTree = "<group>"; };
		32CA4F630368D1EE00C91783 /* Calendar_Prefix.pch */ = {isa = PBXFileReference; fileEncoding = 4; lastKnownFileType = sourcecode.c.h; path = Calendar_Prefix.pch; sourceTree = "<group>"; };
		3B96AA561139BC99003FF405 /* Calendar.png */ = {isa = PBXFileReference; lastKnownFileType = image.png; path = Calendar.png; sourceTree = "<group>"; };
		3B96AA571139BC99003FF405 /* CalendarBubbleBlue.png */ = {isa = PBXFileReference; lastKnownFileType = image.png; path = CalendarBubbleBlue.png; sourceTree = "<group>"; };
		3B96AA581139BC99003FF405 /* CalendarBubbleGreen.png */ = {isa = PBXFileReference; lastKnownFileType = image.png; path = CalendarBubbleGreen.png; sourceTree = "<group>"; };
		3B96AA591139BC99003FF405 /* CalendarBubbleGrey.png */ = {isa = PBXFileReference; lastKnownFileType = image.png; path = CalendarBubbleGrey.png; sourceTree = "<group>"; };
		3B96AA5A1139BC99003FF405 /* CalendarBubbleMagenta.png */ = {isa = PBXFileReference; lastKnownFileType = image.png; path = CalendarBubbleMagenta.png; sourceTree = "<group>"; };
		3B96AA5B1139BC99003FF405 /* CalendarBubbleOrange.png */ = {isa = PBXFileReference; lastKnownFileType = image.png; path = CalendarBubbleOrange.png; sourceTree = "<group>"; };
		3B96AA5C1139BC99003FF405 /* CalendarBubblePurple.png */ = {isa = PBXFileReference; lastKnownFileType = image.png; path = CalendarBubblePurple.png; sourceTree = "<group>"; };
		3B96AA5D1139BC99003FF405 /* CalendarBubbleRed.png */ = {isa = PBXFileReference; lastKnownFileType = image.png; path = CalendarBubbleRed.png; sourceTree = "<group>"; };
		3B96AA5E1139BC99003FF405 /* CalendarBubbleYellow.png */ = {isa = PBXFileReference; lastKnownFileType = image.png; path = CalendarBubbleYellow.png; sourceTree = "<group>"; };
		3B96AA601139BC99003FF405 /* English */ = {isa = PBXFileReference; fileEncoding = 4; lastKnownFileType = text.plist.strings; name = English; path = English.lproj/GCCalendar.strings; sourceTree = "<group>"; };
		3B96AA611139BC99003FF405 /* GCCalendar.h */ = {isa = PBXFileReference; fileEncoding = 4; lastKnownFileType = sourcecode.c.h; path = GCCalendar.h; sourceTree = "<group>"; };
		3B96AA621139BC99003FF405 /* GCCalendar.m */ = {isa = PBXFileReference; fileEncoding = 4; lastKnownFileType = sourcecode.c.objc; path = GCCalendar.m; sourceTree = "<group>"; };
		3B96AA631139BC99003FF405 /* GCCalendarDayView.h */ = {isa = PBXFileReference; fileEncoding = 4; lastKnownFileType = sourcecode.c.h; path = GCCalendarDayView.h; sourceTree = "<group>"; };
		3B96AA641139BC99003FF405 /* GCCalendarDayView.m */ = {isa = PBXFileReference; fileEncoding = 4; lastKnownFileType = sourcecode.c.objc; path = GCCalendarDayView.m; sourceTree = "<group>"; };
		3B96AA651139BC99003FF405 /* GCCalendarEvent.h */ = {isa = PBXFileReference; fileEncoding = 4; lastKnownFileType = sourcecode.c.h; path = GCCalendarEvent.h; sourceTree = "<group>"; };
		3B96AA661139BC99003FF405 /* GCCalendarEvent.m */ = {isa = PBXFileReference; fileEncoding = 4; lastKnownFileType = sourcecode.c.objc; path = GCCalendarEvent.m; sourceTree = "<group>"; };
		3B96AA671139BC99003FF405 /* GCCalendarPortraitView.h */ = {isa = PBXFileReference; fileEncoding = 4; lastKnownFileType = sourcecode.c.h; path = GCCalendarPortraitView.h; sourceTree = "<group>"; };
		3B96AA681139BC99003FF405 /* GCCalendarPortraitView.m */ = {isa = PBXFileReference; fileEncoding = 4; lastKnownFileType = sourcecode.c.objc; path = GCCalendarPortraitView.m; sourceTree = "<group>"; };
		3B96AA691139BC99003FF405 /* GCCalendarProtocols.h */ = {isa = PBXFileReference; fileEncoding = 4; lastKnownFileType = sourcecode.c.h; path = GCCalendarProtocols.h; sourceTree = "<group>"; };
		3B96AA6A1139BC99003FF405 /* GCCalendarTile.h */ = {isa = PBXFileReference; fileEncoding = 4; lastKnownFileType = sourcecode.c.h; path = GCCalendarTile.h; sourceTree = "<group>"; };
		3B96AA6B1139BC99003FF405 /* GCCalendarTile.m */ = {isa = PBXFileReference; fileEncoding = 4; lastKnownFileType = sourcecode.c.objc; path = GCCalendarTile.m; sourceTree = "<group>"; };
		3B96AA6C1139BC99003FF405 /* GCCalendarView.h */ = {isa = PBXFileReference; fileEncoding = 4; lastKnownFileType = sourcecode.c.h; path = GCCalendarView.h; sourceTree = "<group>"; };
		3B96AA6D1139BC99003FF405 /* GCCalendarView.m */ = {isa = PBXFileReference; fileEncoding = 4; lastKnownFileType = sourcecode.c.objc; path = GCCalendarView.m; sourceTree = "<group>"; };
		3B96AA6E1139BC99003FF405 /* GCDatePickerControl.h */ = {isa = PBXFileReference; fileEncoding = 4; lastKnownFileType = sourcecode.c.h; path = GCDatePickerControl.h; sourceTree = "<group>"; };
		3B96AA6F1139BC99003FF405 /* GCDatePickerControl.m */ = {isa = PBXFileReference; fileEncoding = 4; lastKnownFileType = sourcecode.c.objc; path = GCDatePickerControl.m; sourceTree = "<group>"; };
		3B96AA701139BC99003FF405 /* GCDatePickerControlBackground.png */ = {isa = PBXFileReference; lastKnownFileType = image.png; path = GCDatePickerControlBackground.png; sourceTree = "<group>"; };
		3B96AA711139BC99003FF405 /* GCDatePickerControlLeft.png */ = {isa = PBXFileReference; lastKnownFileType = image.png; path = GCDatePickerControlLeft.png; sourceTree = "<group>"; };
		3B96AA721139BC99003FF405 /* GCDatePickerControlRight.png */ = {isa = PBXFileReference; lastKnownFileType = image.png; path = GCDatePickerControlRight.png; sourceTree = "<group>"; };
		8D1107310486CEB800E47090 /* Calendar-Info.plist */ = {isa = PBXFileReference; fileEncoding = 4; lastKnownFileType = text.plist.xml; path = "Calendar-Info.plist"; plistStructureDefinitionIdentifier = "com.apple.xcode.plist.structure-definition.iphone.info-plist"; sourceTree = "<group>"; };
		A65BE6C4119C059900412007 /* French */ = {isa = PBXFileReference; lastKnownFileType = text.plist.strings; name = French; path = French.lproj/GCCalendar.strings; sourceTree = "<group>"; };
/* End PBXFileReference section */

/* Begin PBXFrameworksBuildPhase section */
		1D60588F0D05DD3D006BFB54 /* Frameworks */ = {
			isa = PBXFrameworksBuildPhase;
			buildActionMask = 2147483647;
			files = (
				1D60589F0D05DD5A006BFB54 /* Foundation.framework in Frameworks */,
				1DF5F4E00D08C38300B7A737 /* UIKit.framework in Frameworks */,
				288765FD0DF74451002DB57D /* CoreGraphics.framework in Frameworks */,
			);
			runOnlyForDeploymentPostprocessing = 0;
		};
/* End PBXFrameworksBuildPhase section */

/* Begin PBXGroup section */
		080E96DDFE201D6D7F000001 /* Classes */ = {
			isa = PBXGroup;
			children = (
				1D3623240D0F684500981E51 /* CalendarAppDelegate.h */,
				1D3623250D0F684500981E51 /* CalendarAppDelegate.m */,
			);
			path = Classes;
			sourceTree = "<group>";
		};
		19C28FACFE9D520D11CA2CBB /* Products */ = {
			isa = PBXGroup;
			children = (
				1D6058910D05DD3D006BFB54 /* Calendar.app */,
			);
			name = Products;
			sourceTree = "<group>";
		};
		29B97314FDCFA39411CA2CEA /* CustomTemplate */ = {
			isa = PBXGroup;
			children = (
				3B96AA551139BC99003FF405 /* GCCalendar */,
				080E96DDFE201D6D7F000001 /* Classes */,
				29B97315FDCFA39411CA2CEA /* Other Sources */,
				29B97317FDCFA39411CA2CEA /* Resources */,
				29B97323FDCFA39411CA2CEA /* Frameworks */,
				19C28FACFE9D520D11CA2CBB /* Products */,
			);
			name = CustomTemplate;
			sourceTree = "<group>";
		};
		29B97315FDCFA39411CA2CEA /* Other Sources */ = {
			isa = PBXGroup;
			children = (
				32CA4F630368D1EE00C91783 /* Calendar_Prefix.pch */,
				29B97316FDCFA39411CA2CEA /* main.m */,
			);
			name = "Other Sources";
			sourceTree = "<group>";
		};
		29B97317FDCFA39411CA2CEA /* Resources */ = {
			isa = PBXGroup;
			children = (
				8D1107310486CEB800E47090 /* Calendar-Info.plist */,
			);
			name = Resources;
			sourceTree = "<group>";
		};
		29B97323FDCFA39411CA2CEA /* Frameworks */ = {
			isa = PBXGroup;
			children = (
				1DF5F4DF0D08C38300B7A737 /* UIKit.framework */,
				1D30AB110D05D00D00671497 /* Foundation.framework */,
				288765FC0DF74451002DB57D /* CoreGraphics.framework */,
			);
			name = Frameworks;
			sourceTree = "<group>";
		};
		3B96AA551139BC99003FF405 /* GCCalendar */ = {
			isa = PBXGroup;
			children = (
				3B96AA561139BC99003FF405 /* Calendar.png */,
				3B96AA571139BC99003FF405 /* CalendarBubbleBlue.png */,
				3B96AA581139BC99003FF405 /* CalendarBubbleGreen.png */,
				3B96AA591139BC99003FF405 /* CalendarBubbleGrey.png */,
				3B96AA5A1139BC99003FF405 /* CalendarBubbleMagenta.png */,
				3B96AA5B1139BC99003FF405 /* CalendarBubbleOrange.png */,
				3B96AA5C1139BC99003FF405 /* CalendarBubblePurple.png */,
				3B96AA5D1139BC99003FF405 /* CalendarBubbleRed.png */,
				3B96AA5E1139BC99003FF405 /* CalendarBubbleYellow.png */,
				3B96AA5F1139BC99003FF405 /* GCCalendar.strings */,
				3B96AA611139BC99003FF405 /* GCCalendar.h */,
				3B96AA621139BC99003FF405 /* GCCalendar.m */,
				3B96AA631139BC99003FF405 /* GCCalendarDayView.h */,
				3B96AA641139BC99003FF405 /* GCCalendarDayView.m */,
				3B96AA651139BC99003FF405 /* GCCalendarEvent.h */,
				3B96AA661139BC99003FF405 /* GCCalendarEvent.m */,
				3B96AA671139BC99003FF405 /* GCCalendarPortraitView.h */,
				3B96AA681139BC99003FF405 /* GCCalendarPortraitView.m */,
				3B96AA691139BC99003FF405 /* GCCalendarProtocols.h */,
				3B96AA6A1139BC99003FF405 /* GCCalendarTile.h */,
				3B96AA6B1139BC99003FF405 /* GCCalendarTile.m */,
				3B96AA6C1139BC99003FF405 /* GCCalendarView.h */,
				3B96AA6D1139BC99003FF405 /* GCCalendarView.m */,
				3B96AA6E1139BC99003FF405 /* GCDatePickerControl.h */,
				3B96AA6F1139BC99003FF405 /* GCDatePickerControl.m */,
				3B96AA701139BC99003FF405 /* GCDatePickerControlBackground.png */,
				3B96AA711139BC99003FF405 /* GCDatePickerControlLeft.png */,
				3B96AA721139BC99003FF405 /* GCDatePickerControlRight.png */,
			);
			path = GCCalendar;
			sourceTree = "<group>";
		};
/* End PBXGroup section */

/* Begin PBXNativeTarget section */
		1D6058900D05DD3D006BFB54 /* Calendar */ = {
			isa = PBXNativeTarget;
			buildConfigurationList = 1D6058960D05DD3E006BFB54 /* Build configuration list for PBXNativeTarget "Calendar" */;
			buildPhases = (
				1D60588D0D05DD3D006BFB54 /* Resources */,
				1D60588E0D05DD3D006BFB54 /* Sources */,
				1D60588F0D05DD3D006BFB54 /* Frameworks */,
			);
			buildRules = (
			);
			dependencies = (
			);
			name = Calendar;
			productName = Calendar;
			productReference = 1D6058910D05DD3D006BFB54 /* Calendar.app */;
			productType = "com.apple.product-type.application";
		};
/* End PBXNativeTarget section */

/* Begin PBXProject section */
		29B97313FDCFA39411CA2CEA /* Project object */ = {
			isa = PBXProject;
			buildConfigurationList = C01FCF4E08A954540054247B /* Build configuration list for PBXProject "Calendar" */;
			compatibilityVersion = "Xcode 3.1";
			hasScannedForEncodings = 1;
			mainGroup = 29B97314FDCFA39411CA2CEA /* CustomTemplate */;
			projectDirPath = "";
			projectRoot = "";
			targets = (
				1D6058900D05DD3D006BFB54 /* Calendar */,
			);
		};
/* End PBXProject section */

/* Begin PBXResourcesBuildPhase section */
		1D60588D0D05DD3D006BFB54 /* Resources */ = {
			isa = PBXResourcesBuildPhase;
			buildActionMask = 2147483647;
			files = (
				3B96AA731139BC99003FF405 /* Calendar.png in Resources */,
				3B96AA741139BC99003FF405 /* CalendarBubbleBlue.png in Resources */,
				3B96AA751139BC99003FF405 /* CalendarBubbleGreen.png in Resources */,
				3B96AA761139BC99003FF405 /* CalendarBubbleGrey.png in Resources */,
				3B96AA771139BC99003FF405 /* CalendarBubbleMagenta.png in Resources */,
				3B96AA781139BC99003FF405 /* CalendarBubbleOrange.png in Resources */,
				3B96AA791139BC99003FF405 /* CalendarBubblePurple.png in Resources */,
				3B96AA7A1139BC99003FF405 /* CalendarBubbleRed.png in Resources */,
				3B96AA7B1139BC99003FF405 /* CalendarBubbleYellow.png in Resources */,
				3B96AA7C1139BC99003FF405 /* GCCalendar.strings in Resources */,
				3B96AA841139BC99003FF405 /* GCDatePickerControlBackground.png in Resources */,
				3B96AA851139BC99003FF405 /* GCDatePickerControlLeft.png in Resources */,
				3B96AA861139BC99003FF405 /* GCDatePickerControlRight.png in Resources */,
			);
			runOnlyForDeploymentPostprocessing = 0;
		};
/* End PBXResourcesBuildPhase section */

/* Begin PBXSourcesBuildPhase section */
		1D60588E0D05DD3D006BFB54 /* Sources */ = {
			isa = PBXSourcesBuildPhase;
			buildActionMask = 2147483647;
			files = (
				1D60589B0D05DD56006BFB54 /* main.m in Sources */,
				1D3623260D0F684500981E51 /* CalendarAppDelegate.m in Sources */,
				3B96AA7D1139BC99003FF405 /* GCCalendar.m in Sources */,
				3B96AA7E1139BC99003FF405 /* GCCalendarDayView.m in Sources */,
				3B96AA7F1139BC99003FF405 /* GCCalendarEvent.m in Sources */,
				3B96AA801139BC99003FF405 /* GCCalendarPortraitView.m in Sources */,
				3B96AA811139BC99003FF405 /* GCCalendarTile.m in Sources */,
				3B96AA821139BC99003FF405 /* GCCalendarView.m in Sources */,
				3B96AA831139BC99003FF405 /* GCDatePickerControl.m in Sources */,
			);
			runOnlyForDeploymentPostprocessing = 0;
		};
/* End PBXSourcesBuildPhase section */

/* Begin PBXVariantGroup section */
		3B96AA5F1139BC99003FF405 /* GCCalendar.strings */ = {
			isa = PBXVariantGroup;
			children = (
				3B96AA601139BC99003FF405 /* English */,
				A65BE6C4119C059900412007 /* French */,
			);
			name = GCCalendar.strings;
			sourceTree = "<group>";
		};
/* End PBXVariantGroup section */

/* Begin XCBuildConfiguration section */
		1D6058940D05DD3E006BFB54 /* Debug */ = {
			isa = XCBuildConfiguration;
			buildSettings = {
				ALWAYS_SEARCH_USER_PATHS = NO;
				COPY_PHASE_STRIP = NO;
				GCC_DYNAMIC_NO_PIC = NO;
				GCC_OPTIMIZATION_LEVEL = 0;
				GCC_PRECOMPILE_PREFIX_HEADER = YES;
				GCC_PREFIX_HEADER = Calendar_Prefix.pch;
				INFOPLIST_FILE = "Calendar-Info.plist";
				PRODUCT_NAME = Calendar;
			};
			name = Debug;
		};
		1D6058950D05DD3E006BFB54 /* Release */ = {
			isa = XCBuildConfiguration;
			buildSettings = {
				ALWAYS_SEARCH_USER_PATHS = NO;
				COPY_PHASE_STRIP = YES;
				GCC_PRECOMPILE_PREFIX_HEADER = YES;
				GCC_PREFIX_HEADER = Calendar_Prefix.pch;
				INFOPLIST_FILE = "Calendar-Info.plist";
				PRODUCT_NAME = Calendar;
			};
			name = Release;
		};
		C01FCF4F08A954540054247B /* Debug */ = {
			isa = XCBuildConfiguration;
			buildSettings = {
				ARCHS = "$(ARCHS_STANDARD_32_BIT)";
				"CODE_SIGN_IDENTITY[sdk=iphoneos*]" = "iPhone Developer";
				GCC_C_LANGUAGE_STANDARD = c99;
				GCC_WARN_ABOUT_RETURN_TYPE = YES;
				GCC_WARN_UNUSED_VARIABLE = YES;
				PREBINDING = NO;
				SDKROOT = iphoneos3.1.2;
			};
			name = Debug;
		};
		C01FCF5008A954540054247B /* Release */ = {
			isa = XCBuildConfiguration;
			buildSettings = {
				ARCHS = "$(ARCHS_STANDARD_32_BIT)";
				"CODE_SIGN_IDENTITY[sdk=iphoneos*]" = "iPhone Developer";
				GCC_C_LANGUAGE_STANDARD = c99;
				GCC_WARN_ABOUT_RETURN_TYPE = YES;
				GCC_WARN_UNUSED_VARIABLE = YES;
				PREBINDING = NO;
				SDKROOT = iphoneos3.1.2;
			};
			name = Release;
		};
/* End XCBuildConfiguration section */

/* Begin XCConfigurationList section */
		1D6058960D05DD3E006BFB54 /* Build configuration list for PBXNativeTarget "Calendar" */ = {
			isa = XCConfigurationList;
			buildConfigurations = (
				1D6058940D05DD3E006BFB54 /* Debug */,
				1D6058950D05DD3E006BFB54 /* Release */,
			);
			defaultConfigurationIsVisible = 0;
			defaultConfigurationName = Release;
		};
		C01FCF4E08A954540054247B /* Build configuration list for PBXProject "Calendar" */ = {
			isa = XCConfigurationList;
			buildConfigurations = (
				C01FCF4F08A954540054247B /* Debug */,
				C01FCF5008A954540054247B /* Release */,
			);
			defaultConfigurationIsVisible = 0;
			defaultConfigurationName = Release;
		};
/* End XCConfigurationList section */
	};
	rootObject = 29B97313FDCFA39411CA2CEA /* Project object */;
}
